
Microsoft Visual Studio Solution File, Format Version 12.00
# Visual Studio 15
VisualStudioVersion = 15.0.28307.572
MinimumVisualStudioVersion = 10.0.40219.1
Project("{FAE04EC0-301F-11D3-BF4B-00C04F79EFBC}") = "guessNumber", "guessNumber\guessNumber.csproj", "{02F11EC7-7720-4898-9E22-1CC146D228E7}"
EndProject
Global
	GlobalSection(SolutionConfigurationPlatforms) = preSolution
		Debug|Any CPU = Debug|Any CPU
		Release|Any CPU = Release|Any CPU
	EndGlobalSection
	GlobalSection(ProjectConfigurationPlatforms) = postSolution
		{02F11EC7-7720-4898-9E22-1CC146D228E7}.Debug|Any CPU.ActiveCfg = Debug|Any CPU
		{02F11EC7-7720-4898-9E22-1CC146D228E7}.Debug|Any CPU.Build.0 = Debug|Any CPU
		{02F11EC7-7720-4898-9E22-1CC146D228E7}.Release|Any CPU.ActiveCfg = Release|Any CPU
		{02F11EC7-7720-4898-9E22-1CC146D228E7}.Release|Any CPU.Build.0 = Release|Any CPU
	EndGlobalSection
	GlobalSection(SolutionProperties) = preSolution
		HideSolutionNode = FALSE
	EndGlobalSection
	GlobalSection(ExtensibilityGlobals) = postSolution
		SolutionGuid = {5314BE3B-8947-458A-9EE2-7DF38F05AB6C}
	EndGlobalSection
EndGlobal
